
Microsoft Visual Studio Solution File, Format Version 12.00
# Visual Studio Version 18
VisualStudioVersion = 18.0.11217.181 d18.0
MinimumVisualStudioVersion = 10.0.40219.1
Project("{FAE04EC0-301F-11D3-BF4B-00C04F79EFBC}") = "Decursed", "Decursed\Decursed.csproj", "{F8CAFF25-A32B-409C-BBE9-EEAE4E360070}"
EndProject
Project("{FAE04EC0-301F-11D3-BF4B-00C04F79EFBC}") = "MoonTools.ECS", "MoonTools.ECS\MoonTools.ECS.csproj", "{626A87C4-7618-35DC-0338-90F610C0BAF0}"
EndProject
Global
	GlobalSection(SolutionConfigurationPlatforms) = preSolution
		Debug|Any CPU = Debug|Any CPU
		Release|Any CPU = Release|Any CPU
	EndGlobalSection
	GlobalSection(ProjectConfigurationPlatforms) = postSolution
		{F8CAFF25-A32B-409C-BBE9-EEAE4E360070}.Debug|Any CPU.ActiveCfg = Debug|Any CPU
		{F8CAFF25-A32B-409C-BBE9-EEAE4E360070}.Debug|Any CPU.Build.0 = Debug|Any CPU
		{F8CAFF25-A32B-409C-BBE9-EEAE4E360070}.Release|Any CPU.ActiveCfg = Release|Any CPU
		{F8CAFF25-A32B-409C-BBE9-EEAE4E360070}.Release|Any CPU.Build.0 = Release|Any CPU
		{626A87C4-7618-35DC-0338-90F610C0BAF0}.Debug|Any CPU.ActiveCfg = Debug|Any CPU
		{626A87C4-7618-35DC-0338-90F610C0BAF0}.Debug|Any CPU.Build.0 = Debug|Any CPU
		{626A87C4-7618-35DC-0338-90F610C0BAF0}.Release|Any CPU.ActiveCfg = Release|Any CPU
		{626A87C4-7618-35DC-0338-90F610C0BAF0}.Release|Any CPU.Build.0 = Release|Any CPU
	EndGlobalSection
	GlobalSection(SolutionProperties) = preSolution
		HideSolutionNode = FALSE
	EndGlobalSection
	GlobalSection(ExtensibilityGlobals) = postSolution
		SolutionGuid = {36925807-37A0-4046-9114-D5144D568180}
	EndGlobalSection
EndGlobal
